
Microsoft Visual Studio Solution File, Format Version 12.00
# Visual Studio 2013
Project("{FAE04EC0-301F-11D3-BF4B-00C04F79EFBC}") = "UnityVS.Raven _ Robin.CSharp", "UnityVS.Raven _ Robin.CSharp.csproj", "{39A1E13E-2B56-6D3B-505D-03E5ECFD1080}"
EndProject
Global
	GlobalSection(SolutionConfigurationPlatforms) = preSolution
		Debug|Any CPU = Debug|Any CPU
		Release|Any CPU = Release|Any CPU
	EndGlobalSection
	GlobalSection(ProjectConfigurationPlatforms) = postSolution
		{39A1E13E-2B56-6D3B-505D-03E5ECFD1080}.Debug|Any CPU.ActiveCfg = Debug|Any CPU
		{39A1E13E-2B56-6D3B-505D-03E5ECFD1080}.Debug|Any CPU.Build.0 = Debug|Any CPU
		{39A1E13E-2B56-6D3B-505D-03E5ECFD1080}.Release|Any CPU.ActiveCfg = Release|Any CPU
		{39A1E13E-2B56-6D3B-505D-03E5ECFD1080}.Release|Any CPU.Build.0 = Release|Any CPU
	EndGlobalSection
	GlobalSection(SolutionProperties) = preSolution
		HideSolutionNode = FALSE
	EndGlobalSection
EndGlobal
